# This file is autogenerated, do not edit; changes may be undone by the next 'dep ensure'.


[[projects]]
  branch = "master"
  name = "github.com/xi2/xz"
  packages = ["."]
  revision = "48954b6210f8d154cb5f8484d3a3e1f83489309e"

[solve-meta]
  analyzer-name = "dep"
  analyzer-version = 1
  inputs-digest = "43a34545753fe3dc57482ca9ad2491fa0fddfffad5299cf739cf30a423c257c3"
  solver-name = "gps-cdcl"
  solver-version = 1
